
Microsoft Visual Studio Solution File, Format Version 12.00
# Visual Studio Version 16
VisualStudioVersion = 16.0.30516.212
MinimumVisualStudioVersion = 10.0.40219.1
Project("{2150E333-8FDC-42A3-9474-1A3956D46DE8}") = "Client", "Client", "{BC6B9046-84F4-492F-B7D6-2A35B27BF2EA}"
EndProject
Project("{2150E333-8FDC-42A3-9474-1A3956D46DE8}") = "SourceCode", "SourceCode", "{74C97FDA-2023-45F0-8737-1E9FDD1820C3}"
EndProject
Project("{9A19103F-16F7-4668-BE54-9A1E7A4F7556}") = "Mix.Desktop", "SourceCode\Client\Mix.Desktop\Mix.Desktop.csproj", "{C9065830-0673-4A0E-997A-45D68D174130}"
EndProject
Project("{2150E333-8FDC-42A3-9474-1A3956D46DE8}") = "Server", "Server", "{9CBDC07F-BA1E-456D-99F9-28231BD15834}"
EndProject
Project("{2150E333-8FDC-42A3-9474-1A3956D46DE8}") = "Libraries", "Libraries", "{24B166AA-4BB8-496A-8A14-8C13928EF484}"
EndProject
Project("{2150E333-8FDC-42A3-9474-1A3956D46DE8}") = "Framework", "Framework", "{23075B27-1907-4A2C-B2AF-8D2A47A1D91E}"
EndProject
Project("{9A19103F-16F7-4668-BE54-9A1E7A4F7556}") = "Mix.Core", "SourceCode\Framework\Mix.Core\Mix.Core.csproj", "{7A2E313A-684A-4BDE-BDF9-9F59581FABA3}"
EndProject
Project("{9A19103F-16F7-4668-BE54-9A1E7A4F7556}") = "Mix.Windows.Core", "SourceCode\Framework\Mix.Windows.Core\Mix.Windows.Core.csproj", "{095B34F0-0563-4DFA-A72A-9C0D5C3E10FA}"
EndProject
Project("{9A19103F-16F7-4668-BE54-9A1E7A4F7556}") = "Mix.Windows.WPF", "SourceCode\Framework\Mix.Windows.WPF\Mix.Windows.WPF.csproj", "{C92A9E19-3E32-453B-BDCD-3E6BFE037765}"
EndProject
Project("{9A19103F-16F7-4668-BE54-9A1E7A4F7556}") = "Mix.Library.Entities", "SourceCode\Libraries\Mix.Library.Entity\Mix.Library.Entities.csproj", "{0E0E2754-892B-4E67-A5DC-D97CF48442BB}"
EndProject
Project("{9A19103F-16F7-4668-BE54-9A1E7A4F7556}") = "Mix.Library.Repositories", "SourceCode\Libraries\Mix.Library.Repository\Mix.Library.Repositories.csproj", "{7EDA9CA2-3B95-4D2B-9C54-3F9F573BDB6B}"
EndProject
Project("{9A19103F-16F7-4668-BE54-9A1E7A4F7556}") = "Mix.Windows.Controls", "SourceCode\Framework\Mix.Windows.Controls\Mix.Windows.Controls.csproj", "{92E5DD85-F2AE-4957-B31A-3BDA4F6F3732}"
EndProject
Project("{9A19103F-16F7-4668-BE54-9A1E7A4F7556}") = "Mix.Resources", "SourceCode\Framework\Mix.Resources\Mix.Resources.csproj", "{F0FD41D6-6A9A-4770-B5AC-8375D9EE03B7}"
EndProject
Project("{9A19103F-16F7-4668-BE54-9A1E7A4F7556}") = "Mix.Api", "SourceCode\Server\Mix.Api\Mix.Api.csproj", "{FD23FDDF-7205-4D3F-973F-4897A8EC4F88}"
EndProject
Project("{9A19103F-16F7-4668-BE54-9A1E7A4F7556}") = "Mix.Data", "SourceCode\Framework\Mix.Data\Mix.Data.csproj", "{42FCEC99-BD2E-4087-8927-72AB4D7D31E4}"
EndProject
Project("{9A19103F-16F7-4668-BE54-9A1E7A4F7556}") = "Mix.Service.Core", "SourceCode\Framework\Mix.Service.Core\Mix.Service.Core.csproj", "{55368C2B-86C0-4F73-9A05-61F939B65A20}"
EndProject
Project("{9A19103F-16F7-4668-BE54-9A1E7A4F7556}") = "Mix.Grpc.Api", "SourceCode\Server\Mix.Grpc.Api\Mix.Grpc.Api.csproj", "{7BC24F29-6086-47E1-8B6B-9D7DC9D19DF3}"
EndProject
Project("{9A19103F-16F7-4668-BE54-9A1E7A4F7556}") = "Mix.IdentityServer4", "SourceCode\Server\Mix.IdentityServer4\Mix.IdentityServer4.csproj", "{94309B8D-50A8-4D96-97EB-FEE3BEF680EF}"
EndProject
Project("{9A19103F-16F7-4668-BE54-9A1E7A4F7556}") = "Mix.Library.Services", "SourceCode\Libraries\Mix.Library.Services\Mix.Library.Services.csproj", "{C63CA4E2-9BBE-48E7-BA9A-1F56AEA2FAD6}"
EndProject
Project("{2150E333-8FDC-42A3-9474-1A3956D46DE8}") = "Modules", "Modules", "{4DCE9AE1-3986-4BB3-9A68-98E2A8E708CD}"
EndProject
Project("{9A19103F-16F7-4668-BE54-9A1E7A4F7556}") = "Mix.Desktop.Modules.Enterprise", "SourceCode\Client\Modules\Mix.Desktop.Modules.Enterprise\Mix.Desktop.Modules.Enterprise.csproj", "{521A6C16-0E89-4F5F-9CAC-CBC515D54839}"
EndProject
Project("{9A19103F-16F7-4668-BE54-9A1E7A4F7556}") = "Mix.Desktop.Modules.Index", "SourceCode\Client\Modules\Mix.Desktop.Modules.Index\Mix.Desktop.Modules.Index.csproj", "{C4A7333E-B08C-4880-8A91-9E6224EA1ADB}"
EndProject
Project("{2150E333-8FDC-42A3-9474-1A3956D46DE8}") = "Tests", "Tests", "{62EC2976-72CE-480A-A146-C777A0F043AA}"
EndProject
Project("{9A19103F-16F7-4668-BE54-9A1E7A4F7556}") = "IdentityServer4Tests", "SourceCode\Tests\IdentityServer4Test\IdentityServer4Tests.csproj", "{ADD08615-C5A0-4987-9E18-305BB99AFF7E}"
EndProject
Project("{9A19103F-16F7-4668-BE54-9A1E7A4F7556}") = "Mix.Desktop.Modules.DataTransmission", "SourceCode\Client\Modules\Mix.Desktop.Modules.DataTransmission\Mix.Desktop.Modules.DataTransmission.csproj", "{2069E5A2-C76B-4AE9-9F58-752F53F46E89}"
EndProject
Project("{FAE04EC0-301F-11D3-BF4B-00C04F79EFBC}") = "DataTransmissionTests", "SourceCode\Tests\DataTransmissionTests\DataTransmissionTests.csproj", "{EC43B593-DDD5-4963-97D5-960612EBA857}"
EndProject
Global
	GlobalSection(SolutionConfigurationPlatforms) = preSolution
		Debug|Any CPU = Debug|Any CPU
		Release|Any CPU = Release|Any CPU
	EndGlobalSection
	GlobalSection(ProjectConfigurationPlatforms) = postSolution
		{C9065830-0673-4A0E-997A-45D68D174130}.Debug|Any CPU.ActiveCfg = Debug|Any CPU
		{C9065830-0673-4A0E-997A-45D68D174130}.Debug|Any CPU.Build.0 = Debug|Any CPU
		{C9065830-0673-4A0E-997A-45D68D174130}.Release|Any CPU.ActiveCfg = Release|Any CPU
		{C9065830-0673-4A0E-997A-45D68D174130}.Release|Any CPU.Build.0 = Release|Any CPU
		{7A2E313A-684A-4BDE-BDF9-9F59581FABA3}.Debug|Any CPU.ActiveCfg = Debug|Any CPU
		{7A2E313A-684A-4BDE-BDF9-9F59581FABA3}.Debug|Any CPU.Build.0 = Debug|Any CPU
		{7A2E313A-684A-4BDE-BDF9-9F59581FABA3}.Release|Any CPU.ActiveCfg = Release|Any CPU
		{7A2E313A-684A-4BDE-BDF9-9F59581FABA3}.Release|Any CPU.Build.0 = Release|Any CPU
		{095B34F0-0563-4DFA-A72A-9C0D5C3E10FA}.Debug|Any CPU.ActiveCfg = Debug|Any CPU
		{095B34F0-0563-4DFA-A72A-9C0D5C3E10FA}.Debug|Any CPU.Build.0 = Debug|Any CPU
		{095B34F0-0563-4DFA-A72A-9C0D5C3E10FA}.Release|Any CPU.ActiveCfg = Release|Any CPU
		{095B34F0-0563-4DFA-A72A-9C0D5C3E10FA}.Release|Any CPU.Build.0 = Release|Any CPU
		{C92A9E19-3E32-453B-BDCD-3E6BFE037765}.Debug|Any CPU.ActiveCfg = Debug|Any CPU
		{C92A9E19-3E32-453B-BDCD-3E6BFE037765}.Debug|Any CPU.Build.0 = Debug|Any CPU
		{C92A9E19-3E32-453B-BDCD-3E6BFE037765}.Release|Any CPU.ActiveCfg = Release|Any CPU
		{C92A9E19-3E32-453B-BDCD-3E6BFE037765}.Release|Any CPU.Build.0 = Release|Any CPU
		{0E0E2754-892B-4E67-A5DC-D97CF48442BB}.Debug|Any CPU.ActiveCfg = Debug|Any CPU
		{0E0E2754-892B-4E67-A5DC-D97CF48442BB}.Debug|Any CPU.Build.0 = Debug|Any CPU
		{0E0E2754-892B-4E67-A5DC-D97CF48442BB}.Release|Any CPU.ActiveCfg = Release|Any CPU
		{0E0E2754-892B-4E67-A5DC-D97CF48442BB}.Release|Any CPU.Build.0 = Release|Any CPU
		{7EDA9CA2-3B95-4D2B-9C54-3F9F573BDB6B}.Debug|Any CPU.ActiveCfg = Debug|Any CPU
		{7EDA9CA2-3B95-4D2B-9C54-3F9F573BDB6B}.Debug|Any CPU.Build.0 = Debug|Any CPU
		{7EDA9CA2-3B95-4D2B-9C54-3F9F573BDB6B}.Release|Any CPU.ActiveCfg = Release|Any CPU
		{7EDA9CA2-3B95-4D2B-9C54-3F9F573BDB6B}.Release|Any CPU.Build.0 = Release|Any CPU
		{92E5DD85-F2AE-4957-B31A-3BDA4F6F3732}.Debug|Any CPU.ActiveCfg = Debug|Any CPU
		{92E5DD85-F2AE-4957-B31A-3BDA4F6F3732}.Debug|Any CPU.Build.0 = Debug|Any CPU
		{92E5DD85-F2AE-4957-B31A-3BDA4F6F3732}.Release|Any CPU.ActiveCfg = Release|Any CPU
		{92E5DD85-F2AE-4957-B31A-3BDA4F6F3732}.Release|Any CPU.Build.0 = Release|Any CPU
		{F0FD41D6-6A9A-4770-B5AC-8375D9EE03B7}.Debug|Any CPU.ActiveCfg = Debug|Any CPU
		{F0FD41D6-6A9A-4770-B5AC-8375D9EE03B7}.Debug|Any CPU.Build.0 = Debug|Any CPU
		{F0FD41D6-6A9A-4770-B5AC-8375D9EE03B7}.Release|Any CPU.ActiveCfg = Release|Any CPU
		{F0FD41D6-6A9A-4770-B5AC-8375D9EE03B7}.Release|Any CPU.Build.0 = Release|Any CPU
		{FD23FDDF-7205-4D3F-973F-4897A8EC4F88}.Debug|Any CPU.ActiveCfg = Debug|Any CPU
		{FD23FDDF-7205-4D3F-973F-4897A8EC4F88}.Debug|Any CPU.Build.0 = Debug|Any CPU
		{FD23FDDF-7205-4D3F-973F-4897A8EC4F88}.Release|Any CPU.ActiveCfg = Release|Any CPU
		{FD23FDDF-7205-4D3F-973F-4897A8EC4F88}.Release|Any CPU.Build.0 = Release|Any CPU
		{42FCEC99-BD2E-4087-8927-72AB4D7D31E4}.Debug|Any CPU.ActiveCfg = Debug|Any CPU
		{42FCEC99-BD2E-4087-8927-72AB4D7D31E4}.Debug|Any CPU.Build.0 = Debug|Any CPU
		{42FCEC99-BD2E-4087-8927-72AB4D7D31E4}.Release|Any CPU.ActiveCfg = Release|Any CPU
		{42FCEC99-BD2E-4087-8927-72AB4D7D31E4}.Release|Any CPU.Build.0 = Release|Any CPU
		{55368C2B-86C0-4F73-9A05-61F939B65A20}.Debug|Any CPU.ActiveCfg = Debug|Any CPU
		{55368C2B-86C0-4F73-9A05-61F939B65A20}.Debug|Any CPU.Build.0 = Debug|Any CPU
		{55368C2B-86C0-4F73-9A05-61F939B65A20}.Release|Any CPU.ActiveCfg = Release|Any CPU
		{55368C2B-86C0-4F73-9A05-61F939B65A20}.Release|Any CPU.Build.0 = Release|Any CPU
		{7BC24F29-6086-47E1-8B6B-9D7DC9D19DF3}.Debug|Any CPU.ActiveCfg = Debug|Any CPU
		{7BC24F29-6086-47E1-8B6B-9D7DC9D19DF3}.Debug|Any CPU.Build.0 = Debug|Any CPU
		{7BC24F29-6086-47E1-8B6B-9D7DC9D19DF3}.Release|Any CPU.ActiveCfg = Release|Any CPU
		{7BC24F29-6086-47E1-8B6B-9D7DC9D19DF3}.Release|Any CPU.Build.0 = Release|Any CPU
		{94309B8D-50A8-4D96-97EB-FEE3BEF680EF}.Debug|Any CPU.ActiveCfg = Debug|Any CPU
		{94309B8D-50A8-4D96-97EB-FEE3BEF680EF}.Debug|Any CPU.Build.0 = Debug|Any CPU
		{94309B8D-50A8-4D96-97EB-FEE3BEF680EF}.Release|Any CPU.ActiveCfg = Release|Any CPU
		{94309B8D-50A8-4D96-97EB-FEE3BEF680EF}.Release|Any CPU.Build.0 = Release|Any CPU
		{C63CA4E2-9BBE-48E7-BA9A-1F56AEA2FAD6}.Debug|Any CPU.ActiveCfg = Debug|Any CPU
		{C63CA4E2-9BBE-48E7-BA9A-1F56AEA2FAD6}.Debug|Any CPU.Build.0 = Debug|Any CPU
		{C63CA4E2-9BBE-48E7-BA9A-1F56AEA2FAD6}.Release|Any CPU.ActiveCfg = Release|Any CPU
		{C63CA4E2-9BBE-48E7-BA9A-1F56AEA2FAD6}.Release|Any CPU.Build.0 = Release|Any CPU
		{521A6C16-0E89-4F5F-9CAC-CBC515D54839}.Debug|Any CPU.ActiveCfg = Debug|Any CPU
		{521A6C16-0E89-4F5F-9CAC-CBC515D54839}.Debug|Any CPU.Build.0 = Debug|Any CPU
		{521A6C16-0E89-4F5F-9CAC-CBC515D54839}.Release|Any CPU.ActiveCfg = Release|Any CPU
		{521A6C16-0E89-4F5F-9CAC-CBC515D54839}.Release|Any CPU.Build.0 = Release|Any CPU
		{C4A7333E-B08C-4880-8A91-9E6224EA1ADB}.Debug|Any CPU.ActiveCfg = Debug|Any CPU
		{C4A7333E-B08C-4880-8A91-9E6224EA1ADB}.Debug|Any CPU.Build.0 = Debug|Any CPU
		{C4A7333E-B08C-4880-8A91-9E6224EA1ADB}.Release|Any CPU.ActiveCfg = Release|Any CPU
		{C4A7333E-B08C-4880-8A91-9E6224EA1ADB}.Release|Any CPU.Build.0 = Release|Any CPU
		{ADD08615-C5A0-4987-9E18-305BB99AFF7E}.Debug|Any CPU.ActiveCfg = Debug|Any CPU
		{ADD08615-C5A0-4987-9E18-305BB99AFF7E}.Debug|Any CPU.Build.0 = Debug|Any CPU
		{ADD08615-C5A0-4987-9E18-305BB99AFF7E}.Release|Any CPU.ActiveCfg = Release|Any CPU
		{ADD08615-C5A0-4987-9E18-305BB99AFF7E}.Release|Any CPU.Build.0 = Release|Any CPU
		{2069E5A2-C76B-4AE9-9F58-752F53F46E89}.Debug|Any CPU.ActiveCfg = Debug|Any CPU
		{2069E5A2-C76B-4AE9-9F58-752F53F46E89}.Debug|Any CPU.Build.0 = Debug|Any CPU
		{2069E5A2-C76B-4AE9-9F58-752F53F46E89}.Release|Any CPU.ActiveCfg = Release|Any CPU
		{2069E5A2-C76B-4AE9-9F58-752F53F46E89}.Release|Any CPU.Build.0 = Release|Any CPU
		{EC43B593-DDD5-4963-97D5-960612EBA857}.Debug|Any CPU.ActiveCfg = Debug|Any CPU
		{EC43B593-DDD5-4963-97D5-960612EBA857}.Debug|Any CPU.Build.0 = Debug|Any CPU
		{EC43B593-DDD5-4963-97D5-960612EBA857}.Release|Any CPU.ActiveCfg = Release|Any CPU
		{EC43B593-DDD5-4963-97D5-960612EBA857}.Release|Any CPU.Build.0 = Release|Any CPU
	EndGlobalSection
	GlobalSection(SolutionProperties) = preSolution
		HideSolutionNode = FALSE
	EndGlobalSection
	GlobalSection(NestedProjects) = preSolution
		{BC6B9046-84F4-492F-B7D6-2A35B27BF2EA} = {74C97FDA-2023-45F0-8737-1E9FDD1820C3}
		{C9065830-0673-4A0E-997A-45D68D174130} = {BC6B9046-84F4-492F-B7D6-2A35B27BF2EA}
		{9CBDC07F-BA1E-456D-99F9-28231BD15834} = {74C97FDA-2023-45F0-8737-1E9FDD1820C3}
		{24B166AA-4BB8-496A-8A14-8C13928EF484} = {74C97FDA-2023-45F0-8737-1E9FDD1820C3}
		{23075B27-1907-4A2C-B2AF-8D2A47A1D91E} = {74C97FDA-2023-45F0-8737-1E9FDD1820C3}
		{7A2E313A-684A-4BDE-BDF9-9F59581FABA3} = {23075B27-1907-4A2C-B2AF-8D2A47A1D91E}
		{095B34F0-0563-4DFA-A72A-9C0D5C3E10FA} = {23075B27-1907-4A2C-B2AF-8D2A47A1D91E}
		{C92A9E19-3E32-453B-BDCD-3E6BFE037765} = {23075B27-1907-4A2C-B2AF-8D2A47A1D91E}
		{0E0E2754-892B-4E67-A5DC-D97CF48442BB} = {24B166AA-4BB8-496A-8A14-8C13928EF484}
		{7EDA9CA2-3B95-4D2B-9C54-3F9F573BDB6B} = {24B166AA-4BB8-496A-8A14-8C13928EF484}
		{92E5DD85-F2AE-4957-B31A-3BDA4F6F3732} = {23075B27-1907-4A2C-B2AF-8D2A47A1D91E}
		{F0FD41D6-6A9A-4770-B5AC-8375D9EE03B7} = {23075B27-1907-4A2C-B2AF-8D2A47A1D91E}
		{FD23FDDF-7205-4D3F-973F-4897A8EC4F88} = {9CBDC07F-BA1E-456D-99F9-28231BD15834}
		{42FCEC99-BD2E-4087-8927-72AB4D7D31E4} = {23075B27-1907-4A2C-B2AF-8D2A47A1D91E}
		{55368C2B-86C0-4F73-9A05-61F939B65A20} = {23075B27-1907-4A2C-B2AF-8D2A47A1D91E}
		{7BC24F29-6086-47E1-8B6B-9D7DC9D19DF3} = {9CBDC07F-BA1E-456D-99F9-28231BD15834}
		{94309B8D-50A8-4D96-97EB-FEE3BEF680EF} = {9CBDC07F-BA1E-456D-99F9-28231BD15834}
		{C63CA4E2-9BBE-48E7-BA9A-1F56AEA2FAD6} = {24B166AA-4BB8-496A-8A14-8C13928EF484}
		{4DCE9AE1-3986-4BB3-9A68-98E2A8E708CD} = {BC6B9046-84F4-492F-B7D6-2A35B27BF2EA}
		{521A6C16-0E89-4F5F-9CAC-CBC515D54839} = {4DCE9AE1-3986-4BB3-9A68-98E2A8E708CD}
		{C4A7333E-B08C-4880-8A91-9E6224EA1ADB} = {4DCE9AE1-3986-4BB3-9A68-98E2A8E708CD}
		{62EC2976-72CE-480A-A146-C777A0F043AA} = {74C97FDA-2023-45F0-8737-1E9FDD1820C3}
		{ADD08615-C5A0-4987-9E18-305BB99AFF7E} = {62EC2976-72CE-480A-A146-C777A0F043AA}
		{2069E5A2-C76B-4AE9-9F58-752F53F46E89} = {4DCE9AE1-3986-4BB3-9A68-98E2A8E708CD}
		{EC43B593-DDD5-4963-97D5-960612EBA857} = {62EC2976-72CE-480A-A146-C777A0F043AA}
	EndGlobalSection
	GlobalSection(ExtensibilityGlobals) = postSolution
		SolutionGuid = {8E0D389C-13D4-40EE-90FB-CA03C8E9D2D8}
	EndGlobalSection
EndGlobal
