
Microsoft Visual Studio Solution File, Format Version 12.00
# Visual Studio Version 16
VisualStudioVersion = 16.0.30516.212
MinimumVisualStudioVersion = 10.0.40219.1
Project("{2150E333-8FDC-42A3-9474-1A3956D46DE8}") = "Client", "Client", "{BC6B9046-84F4-492F-B7D6-2A35B27BF2EA}"
EndProject
Project("{2150E333-8FDC-42A3-9474-1A3956D46DE8}") = "SourceCode", "SourceCode", "{74C97FDA-2023-45F0-8737-1E9FDD1820C3}"
EndProject
Project("{9A19103F-16F7-4668-BE54-9A1E7A4F7556}") = "Mix.Desktop", "SourceCode\Client\Mix.Desktop\Mix.Desktop.csproj", "{C9065830-0673-4A0E-997A-45D68D174130}"
EndProject
Project("{2150E333-8FDC-42A3-9474-1A3956D46DE8}") = "Server", "Server", "{9CBDC07F-BA1E-456D-99F9-28231BD15834}"
EndProject
Project("{2150E333-8FDC-42A3-9474-1A3956D46DE8}") = "Libraries", "Libraries", "{24B166AA-4BB8-496A-8A14-8C13928EF484}"
EndProject
Project("{2150E333-8FDC-42A3-9474-1A3956D46DE8}") = "Framework", "Framework", "{23075B27-1907-4A2C-B2AF-8D2A47A1D91E}"
EndProject
Project("{9A19103F-16F7-4668-BE54-9A1E7A4F7556}") = "Mix.Server", "SourceCode\Server\Mix.Server\Mix.Server.csproj", "{A333EE88-E53D-48D7-A95F-1E2488C44B63}"
EndProject
Project("{9A19103F-16F7-4668-BE54-9A1E7A4F7556}") = "Mix.Core", "SourceCode\Framework\Mix.Core\Mix.Core.csproj", "{7A2E313A-684A-4BDE-BDF9-9F59581FABA3}"
EndProject
Project("{9A19103F-16F7-4668-BE54-9A1E7A4F7556}") = "Mix.Windows.Core", "SourceCode\Framework\Mix.Windows.Core\Mix.Windows.Core.csproj", "{095B34F0-0563-4DFA-A72A-9C0D5C3E10FA}"
EndProject
Project("{9A19103F-16F7-4668-BE54-9A1E7A4F7556}") = "Mix.Windows.WPF", "SourceCode\Framework\Mix.Windows.WPF\Mix.Windows.WPF.csproj", "{C92A9E19-3E32-453B-BDCD-3E6BFE037765}"
EndProject
Project("{9A19103F-16F7-4668-BE54-9A1E7A4F7556}") = "Mix.Library.Entity", "SourceCode\Libraries\Mix.Library.Entity\Mix.Library.Entity.csproj", "{0E0E2754-892B-4E67-A5DC-D97CF48442BB}"
EndProject
Project("{9A19103F-16F7-4668-BE54-9A1E7A4F7556}") = "Mix.Library.Repository", "SourceCode\Libraries\Mix.Library.Repository\Mix.Library.Repository.csproj", "{7EDA9CA2-3B95-4D2B-9C54-3F9F573BDB6B}"
EndProject
Global
	GlobalSection(SolutionConfigurationPlatforms) = preSolution
		Debug|Any CPU = Debug|Any CPU
		Release|Any CPU = Release|Any CPU
	EndGlobalSection
	GlobalSection(ProjectConfigurationPlatforms) = postSolution
		{C9065830-0673-4A0E-997A-45D68D174130}.Debug|Any CPU.ActiveCfg = Debug|Any CPU
		{C9065830-0673-4A0E-997A-45D68D174130}.Debug|Any CPU.Build.0 = Debug|Any CPU
		{C9065830-0673-4A0E-997A-45D68D174130}.Release|Any CPU.ActiveCfg = Release|Any CPU
		{C9065830-0673-4A0E-997A-45D68D174130}.Release|Any CPU.Build.0 = Release|Any CPU
		{A333EE88-E53D-48D7-A95F-1E2488C44B63}.Debug|Any CPU.ActiveCfg = Debug|Any CPU
		{A333EE88-E53D-48D7-A95F-1E2488C44B63}.Debug|Any CPU.Build.0 = Debug|Any CPU
		{A333EE88-E53D-48D7-A95F-1E2488C44B63}.Release|Any CPU.ActiveCfg = Release|Any CPU
		{A333EE88-E53D-48D7-A95F-1E2488C44B63}.Release|Any CPU.Build.0 = Release|Any CPU
		{7A2E313A-684A-4BDE-BDF9-9F59581FABA3}.Debug|Any CPU.ActiveCfg = Debug|Any CPU
		{7A2E313A-684A-4BDE-BDF9-9F59581FABA3}.Debug|Any CPU.Build.0 = Debug|Any CPU
		{7A2E313A-684A-4BDE-BDF9-9F59581FABA3}.Release|Any CPU.ActiveCfg = Release|Any CPU
		{7A2E313A-684A-4BDE-BDF9-9F59581FABA3}.Release|Any CPU.Build.0 = Release|Any CPU
		{095B34F0-0563-4DFA-A72A-9C0D5C3E10FA}.Debug|Any CPU.ActiveCfg = Debug|Any CPU
		{095B34F0-0563-4DFA-A72A-9C0D5C3E10FA}.Debug|Any CPU.Build.0 = Debug|Any CPU
		{095B34F0-0563-4DFA-A72A-9C0D5C3E10FA}.Release|Any CPU.ActiveCfg = Release|Any CPU
		{095B34F0-0563-4DFA-A72A-9C0D5C3E10FA}.Release|Any CPU.Build.0 = Release|Any CPU
		{C92A9E19-3E32-453B-BDCD-3E6BFE037765}.Debug|Any CPU.ActiveCfg = Debug|Any CPU
		{C92A9E19-3E32-453B-BDCD-3E6BFE037765}.Debug|Any CPU.Build.0 = Debug|Any CPU
		{C92A9E19-3E32-453B-BDCD-3E6BFE037765}.Release|Any CPU.ActiveCfg = Release|Any CPU
		{C92A9E19-3E32-453B-BDCD-3E6BFE037765}.Release|Any CPU.Build.0 = Release|Any CPU
		{0E0E2754-892B-4E67-A5DC-D97CF48442BB}.Debug|Any CPU.ActiveCfg = Debug|Any CPU
		{0E0E2754-892B-4E67-A5DC-D97CF48442BB}.Debug|Any CPU.Build.0 = Debug|Any CPU
		{0E0E2754-892B-4E67-A5DC-D97CF48442BB}.Release|Any CPU.ActiveCfg = Release|Any CPU
		{0E0E2754-892B-4E67-A5DC-D97CF48442BB}.Release|Any CPU.Build.0 = Release|Any CPU
		{7EDA9CA2-3B95-4D2B-9C54-3F9F573BDB6B}.Debug|Any CPU.ActiveCfg = Debug|Any CPU
		{7EDA9CA2-3B95-4D2B-9C54-3F9F573BDB6B}.Debug|Any CPU.Build.0 = Debug|Any CPU
		{7EDA9CA2-3B95-4D2B-9C54-3F9F573BDB6B}.Release|Any CPU.ActiveCfg = Release|Any CPU
		{7EDA9CA2-3B95-4D2B-9C54-3F9F573BDB6B}.Release|Any CPU.Build.0 = Release|Any CPU
	EndGlobalSection
	GlobalSection(SolutionProperties) = preSolution
		HideSolutionNode = FALSE
	EndGlobalSection
	GlobalSection(NestedProjects) = preSolution
		{BC6B9046-84F4-492F-B7D6-2A35B27BF2EA} = {74C97FDA-2023-45F0-8737-1E9FDD1820C3}
		{C9065830-0673-4A0E-997A-45D68D174130} = {BC6B9046-84F4-492F-B7D6-2A35B27BF2EA}
		{9CBDC07F-BA1E-456D-99F9-28231BD15834} = {74C97FDA-2023-45F0-8737-1E9FDD1820C3}
		{24B166AA-4BB8-496A-8A14-8C13928EF484} = {74C97FDA-2023-45F0-8737-1E9FDD1820C3}
		{23075B27-1907-4A2C-B2AF-8D2A47A1D91E} = {74C97FDA-2023-45F0-8737-1E9FDD1820C3}
		{A333EE88-E53D-48D7-A95F-1E2488C44B63} = {9CBDC07F-BA1E-456D-99F9-28231BD15834}
		{7A2E313A-684A-4BDE-BDF9-9F59581FABA3} = {23075B27-1907-4A2C-B2AF-8D2A47A1D91E}
		{095B34F0-0563-4DFA-A72A-9C0D5C3E10FA} = {23075B27-1907-4A2C-B2AF-8D2A47A1D91E}
		{C92A9E19-3E32-453B-BDCD-3E6BFE037765} = {23075B27-1907-4A2C-B2AF-8D2A47A1D91E}
		{0E0E2754-892B-4E67-A5DC-D97CF48442BB} = {24B166AA-4BB8-496A-8A14-8C13928EF484}
		{7EDA9CA2-3B95-4D2B-9C54-3F9F573BDB6B} = {24B166AA-4BB8-496A-8A14-8C13928EF484}
	EndGlobalSection
	GlobalSection(ExtensibilityGlobals) = postSolution
		SolutionGuid = {8E0D389C-13D4-40EE-90FB-CA03C8E9D2D8}
	EndGlobalSection
EndGlobal
